
Microsoft Visual Studio Solution File, Format Version 12.00
# Visual Studio Version 16
VisualStudioVersion = 16.0.31729.503
MinimumVisualStudioVersion = 10.0.40219.1
Project("{FAE04EC0-301F-11D3-BF4B-00C04F79EFBC}") = "Day5", "Day5\Day5.csproj", "{429DC7BC-8EB8-45F8-AAF3-9264C50BEE72}"
EndProject
Global
	GlobalSection(SolutionConfigurationPlatforms) = preSolution
		Debug|Any CPU = Debug|Any CPU
		Release|Any CPU = Release|Any CPU
	EndGlobalSection
	GlobalSection(ProjectConfigurationPlatforms) = postSolution
		{429DC7BC-8EB8-45F8-AAF3-9264C50BEE72}.Debug|Any CPU.ActiveCfg = Debug|Any CPU
		{429DC7BC-8EB8-45F8-AAF3-9264C50BEE72}.Debug|Any CPU.Build.0 = Debug|Any CPU
		{429DC7BC-8EB8-45F8-AAF3-9264C50BEE72}.Release|Any CPU.ActiveCfg = Release|Any CPU
		{429DC7BC-8EB8-45F8-AAF3-9264C50BEE72}.Release|Any CPU.Build.0 = Release|Any CPU
	EndGlobalSection
	GlobalSection(SolutionProperties) = preSolution
		HideSolutionNode = FALSE
	EndGlobalSection
	GlobalSection(ExtensibilityGlobals) = postSolution
		SolutionGuid = {AE08D29C-0BC0-4E0D-A415-7887C33A7248}
	EndGlobalSection
EndGlobal
